
Microsoft Visual Studio Solution File, Format Version 12.00
# Visual Studio Version 17
VisualStudioVersion = 17.0.31903.59
MinimumVisualStudioVersion = 10.0.40219.1
Project("{2150E333-8FDC-42A3-9474-1A3956D46DE8}") = "backend", "backend", "{213259D1-36C7-4D73-828C-8A56D94DBCED}"
EndProject
Project("{FAE04EC0-301F-11D3-BF4B-00C04F79EFBC}") = "LLMPromptPurify.Api", "backend\LLMPromptPurify.Api\LLMPromptPurify.Api.csproj", "{EBE0593F-2590-4939-868B-0A410C51D10F}"
EndProject
Project("{FAE04EC0-301F-11D3-BF4B-00C04F79EFBC}") = "LLMPromptPurify.Api.Tests", "backend\LLMPromptPurify.Api.Tests\LLMPromptPurify.Api.Tests.csproj", "{EA69B352-1A19-4025-A93D-F9BCC23EB4C3}"
EndProject
Global
	GlobalSection(SolutionConfigurationPlatforms) = preSolution
		Debug|Any CPU = Debug|Any CPU
		Release|Any CPU = Release|Any CPU
	EndGlobalSection
	GlobalSection(SolutionProperties) = preSolution
		HideSolutionNode = FALSE
	EndGlobalSection
	GlobalSection(ProjectConfigurationPlatforms) = postSolution
		{EBE0593F-2590-4939-868B-0A410C51D10F}.Debug|Any CPU.ActiveCfg = Debug|Any CPU
		{EBE0593F-2590-4939-868B-0A410C51D10F}.Debug|Any CPU.Build.0 = Debug|Any CPU
		{EBE0593F-2590-4939-868B-0A410C51D10F}.Release|Any CPU.ActiveCfg = Release|Any CPU
		{EBE0593F-2590-4939-868B-0A410C51D10F}.Release|Any CPU.Build.0 = Release|Any CPU
		{EA69B352-1A19-4025-A93D-F9BCC23EB4C3}.Debug|Any CPU.ActiveCfg = Debug|Any CPU
		{EA69B352-1A19-4025-A93D-F9BCC23EB4C3}.Debug|Any CPU.Build.0 = Debug|Any CPU
		{EA69B352-1A19-4025-A93D-F9BCC23EB4C3}.Release|Any CPU.ActiveCfg = Release|Any CPU
		{EA69B352-1A19-4025-A93D-F9BCC23EB4C3}.Release|Any CPU.Build.0 = Release|Any CPU
	EndGlobalSection
	GlobalSection(NestedProjects) = preSolution
		{EBE0593F-2590-4939-868B-0A410C51D10F} = {213259D1-36C7-4D73-828C-8A56D94DBCED}
		{EA69B352-1A19-4025-A93D-F9BCC23EB4C3} = {213259D1-36C7-4D73-828C-8A56D94DBCED}
	EndGlobalSection
EndGlobal
